Microsoft Visual Studio Solution File, Format Version 12.00
# Visual Studio Version 17
VisualStudioVersion = 17.5.2.0
MinimumVisualStudioVersion = 10.0.40219.1
Project("{FAE04EC0-301F-11D3-BF4B-00C04F79EFBC}") = "BLACKFINALJACK", "BLACKFINALJACK.csproj", "{1A170FB3-502B-8C3D-0DD8-86AFA0D4A89E}"
EndProject
Global
	GlobalSection(SolutionConfigurationPlatforms) = preSolution
		Debug|Any CPU = Debug|Any CPU
		Release|Any CPU = Release|Any CPU
	EndGlobalSection
	GlobalSection(ProjectConfigurationPlatforms) = postSolution
		{1A170FB3-502B-8C3D-0DD8-86AFA0D4A89E}.Debug|Any CPU.ActiveCfg = Debug|Any CPU
		{1A170FB3-502B-8C3D-0DD8-86AFA0D4A89E}.Debug|Any CPU.Build.0 = Debug|Any CPU
		{1A170FB3-502B-8C3D-0DD8-86AFA0D4A89E}.Release|Any CPU.ActiveCfg = Release|Any CPU
		{1A170FB3-502B-8C3D-0DD8-86AFA0D4A89E}.Release|Any CPU.Build.0 = Release|Any CPU
	EndGlobalSection
	GlobalSection(SolutionProperties) = preSolution
		HideSolutionNode = FALSE
	EndGlobalSection
	GlobalSection(ExtensibilityGlobals) = postSolution
		SolutionGuid = {48BF7D7C-C143-4C89-BC34-207DFF449E30}
	EndGlobalSection
EndGlobal
